{
  "nodes": {
    "clanlib": {
      "inputs": {
        "flake-utils": [
          "flake-utils"
        ],
        "nixpkgs": "nixpkgs"
      },
      "locked": {
        "lastModified": 1645978295,
        "narHash": "sha256-ZDpfaeEtVCYWXVgoX+G3WIbSHyAfc3jet4zwk/5WcqY=",
        "owner": "grumbel",
        "repo": "clanlib-1.0",
        "rev": "1dd1e10f549c7c06c8017f537f446f452fc01923",
        "type": "gitlab"
      },
      "original": {
        "owner": "grumbel",
        "repo": "clanlib-1.0",
        "type": "gitlab"
      }
    },
    "flake-utils": {
      "locked": {
        "lastModified": 1649676176,
        "narHash": "sha256-OWKJratjt2RW151VUlJPRALb7OU2S5s+f0vLj4o1bHM=",
        "owner": "numtide",
        "repo": "flake-utils",
        "rev": "a4b154ebbdc88c8498a5c7b01589addc9e9cb678",
        "type": "github"
      },
      "original": {
        "owner": "numtide",
        "repo": "flake-utils",
        "type": "github"
      }
    },
    "nixpkgs": {
      "locked": {
        "lastModified": 1645885043,
        "narHash": "sha256-wDATA3Tks+fG91q3XL673rPQDl58zLRmjdJXpmrUwXU=",
        "owner": "NixOS",
        "repo": "nixpkgs",
        "rev": "1622abf0e7890a3dac995f6eb5a92f56819ae38e",
        "type": "github"
      },
      "original": {
        "owner": "NixOS",
        "ref": "nixos-21.11",
        "repo": "nixpkgs",
        "type": "github"
      }
    },
    "nixpkgs_2": {
      "locked": {
        "lastModified": 1651093906,
        "narHash": "sha256-kHXSbv+Hc73eV0/JVJ5YsJGr08bA4vJ3/XZew5PgZg0=",
        "owner": "NixOS",
        "repo": "nixpkgs",
        "rev": "feea25c58657fa81d16e0e51f80e1a02ef4cbd49",
        "type": "github"
      },
      "original": {
        "owner": "NixOS",
        "ref": "nixos-21.11",
        "repo": "nixpkgs",
        "type": "github"
      }
    },
    "root": {
      "inputs": {
        "clanlib": "clanlib",
        "flake-utils": "flake-utils",
        "nixpkgs": "nixpkgs_2"
      }
    }
  },
  "root": "root",
  "version": 7
}
